{
  "name": "redis-relay",
  "version": "1.0.0",
  "lockfileVersion": 3,
  "requires": true,
  "packages": {
    "": {
      "name": "redis-relay",
      "version": "1.0.0",
      "license": "MIT",
      "dependencies": {
        "redis": "^5.0.0"
      }
    },
    "node_modules/@redis/bloom": {
      "version": "5.0.0",
      "resolved": "https://registry.npmjs.org/@redis/bloom/-/bloom-5.0.0.tgz",
      "integrity": "sha512-YHlra6a7+brJ3Ustqa+jC68Pdnw2/wbnVLeULN0llP3gHpKxOSmiDyLwuHq5t/jFi6QUgjSprUQi2a8CieKFIA==",
      "license": "MIT",
      "engines": {
        "node": ">= 18"
      },
      "peerDependencies": {
        "@redis/client": "^5.0.0"
      }
    },
    "node_modules/@redis/client": {
      "version": "5.0.0",
      "resolved": "https://registry.npmjs.org/@redis/client/-/client-5.0.0.tgz",
      "integrity": "sha512-1MqfzOOoFBwWprigJ3S5hM+LuzaWwxyyx+74NDzCpmjKWyjjC07xkWsd5E9fr+61NUDtvUivRiyAxGiRIwJCaQ==",
      "license": "MIT",
      "dependencies": {
        "cluster-key-slot": "1.1.2"
      },
      "engines": {
        "node": ">= 18"
      }
    },
    "node_modules/@redis/json": {
      "version": "5.0.0",
      "resolved": "https://registry.npmjs.org/@redis/json/-/json-5.0.0.tgz",
      "integrity": "sha512-8YFjshsvWR9dWjOiQ50TfBxfl+z1mjCae8jDnfOYN1aCvUZWJXqM1OpL56v6mWRyXwZ5C9qJJKDGmHTr4PVskQ==",
      "license": "MIT",
      "engines": {
        "node": ">= 18"
      },
      "peerDependencies": {
        "@redis/client": "^5.0.0"
      }
    },
    "node_modules/@redis/search": {
      "version": "5.0.0",
      "resolved": "https://registry.npmjs.org/@redis/search/-/search-5.0.0.tgz",
      "integrity": "sha512-oEop/S/0NB5p7vpTTlp5X5LQO4oTomJnFEOaKhQ5xZWROLXTgEVvPSfXVNBbtr9maU2+OupxXQR63HW3MGeTUg==",
      "license": "MIT",
      "engines": {
        "node": ">= 18"
      },
      "peerDependencies": {
        "@redis/client": "^5.0.0"
      }
    },
    "node_modules/@redis/time-series": {
      "version": "5.0.0",
      "resolved": "https://registry.npmjs.org/@redis/time-series/-/time-series-5.0.0.tgz",
      "integrity": "sha512-DNsP4DH5CRfXlQDyvLJm2DltZm3kjpVKZsNTI3SPdbRxhc9i2c0NehUbM/gDECnEfG+jkNN/LUv6Em4LaLwPBQ==",
      "license": "MIT",
      "engines": {
        "node": ">= 18"
      },
      "peerDependencies": {
        "@redis/client": "^5.0.0"
      }
    },
    "node_modules/cluster-key-slot": {
      "version": "1.1.2",
      "resolved": "https://registry.npmjs.org/cluster-key-slot/-/cluster-key-slot-1.1.2.tgz",
      "integrity": "sha512-RMr0FhtfXemyinomL4hrWcYJxmX6deFdCxpJzhDttxgO1+bcCnkk+9drydLVDmAMG7NE6aN/fl4F7ucU/90gAA==",
      "license": "Apache-2.0",
      "engines": {
        "node": ">=0.10.0"
      }
    },
    "node_modules/redis": {
      "version": "5.0.0",
      "resolved": "https://registry.npmjs.org/redis/-/redis-5.0.0.tgz",
      "integrity": "sha512-J/fzf0cYeFw5NP4aYIvv9owYOcNUsaDqF4qmwbSuaV4yKBLaIHJQIFbAKLgjn99GDXdJBbfqCRXE7+BIlkpATA==",
      "license": "MIT",
      "dependencies": {
        "@redis/bloom": "5.0.0",
        "@redis/client": "5.0.0",
        "@redis/json": "5.0.0",
        "@redis/search": "5.0.0",
        "@redis/time-series": "5.0.0"
      },
      "engines": {
        "node": ">= 18"
      }
    }
  }
}
